# Optional Mac passkey prototype. Install in its own environment, not the
# running owner's environment. CI includes this extra so security tests run.
-r requirements.lock
webauthn==3.0.1
cbor2==6.1.5
cryptography==50.0.2
pyOpenSSL==26.4.0
pyasn1==0.6.4
pyasn1-modules==0.4.2
cffi==2.1.1
pycparser==3.0
